// !$*UTF8*$!
{
	archiveVersion = 1;
	classes = {
	};
	objectVersion = 46;
	objects = {

/* Begin PBXBuildFile section */
		1D2D3A5624E5A23F008FFB16 /* SlideMenuController.swift in Sources */ = {isa = PBXBuildFile; fileRef = 1D2D3A5524E5A23F008FFB16 /* SlideMenuController.swift */; };
		1DA3BA6724E7291C006E6A61 /* Constants.swift in Sources */ = {isa = PBXBuildFile; fileRef = 1DA3BA6624E7291C006E6A61 /* Constants.swift */; };
		1DB8D6FC250555390024813E /* LoginVC.swift in Sources */ = {isa = PBXBuildFile; fileRef = 1DB8D6FA250555390024813E /* LoginVC.swift */; };
		1DB8D6FD250555390024813E /* LoginVC.xib in Resources */ = {isa = PBXBuildFile; fileRef = 1DB8D6FB250555390024813E /* LoginVC.xib */; };
		1DB8D70425055AA20024813E /* LoginInteractor.swift in Sources */ = {isa = PBXBuildFile; fileRef = 1DB8D70325055AA20024813E /* LoginInteractor.swift */; };
		1DB8D70725055B0F0024813E /* LoginPresenter.swift in Sources */ = {isa = PBXBuildFile; fileRef = 1DB8D70625055B0F0024813E /* LoginPresenter.swift */; };
		1DB8D70925055B330024813E /* LoginRouter.swift in Sources */ = {isa = PBXBuildFile; fileRef = 1DB8D70825055B330024813E /* LoginRouter.swift */; };
		1DB8D70D25055B940024813E /* LoginProtocols.swift in Sources */ = {isa = PBXBuildFile; fileRef = 1DB8D70C25055B940024813E /* LoginProtocols.swift */; };
		1DB8D70F2505756E0024813E /* UIColor.swift in Sources */ = {isa = PBXBuildFile; fileRef = 1DB8D70E2505756E0024813E /* UIColor.swift */; };
		1DF15DD22505871C00E073A5 /* BaseViewController.swift in Sources */ = {isa = PBXBuildFile; fileRef = 1DF15DD12505871C00E073A5 /* BaseViewController.swift */; };
		1DF15DD425058D4800E073A5 /* CustomTextField.swift in Sources */ = {isa = PBXBuildFile; fileRef = 1DF15DD325058D4800E073A5 /* CustomTextField.swift */; };
		1DF4E00024EB1126006E063D /* LoginEntity.swift in Sources */ = {isa = PBXBuildFile; fileRef = 1DF4DFFF24EB1126006E063D /* LoginEntity.swift */; };
		1DF4E00224EB3472006E063D /* Colors.xcassets in Resources */ = {isa = PBXBuildFile; fileRef = 1DF4E00124EB3472006E063D /* Colors.xcassets */; };
		4934B1401FB68729005C8871 /* HistorialViewController.swift in Sources */ = {isa = PBXBuildFile; fileRef = 4934B13F1FB68729005C8871 /* HistorialViewController.swift */; };
		49D387E61FB4C7C3005A564A /* ImageCustom.swift in Sources */ = {isa = PBXBuildFile; fileRef = 49D387E51FB4C7C3005A564A /* ImageCustom.swift */; };
		5B1ACE75148B91BF35F66784 /* Pods_DronePolice.framework in Frameworks */ = {isa = PBXBuildFile; fileRef = B8E43DBB0B57A17B97FF643C /* Pods_DronePolice.framework */; };
		7D157CBF1F1BE37D0033B52A /* DireccionTableViewCell.swift in Sources */ = {isa = PBXBuildFile; fileRef = 7D157CBE1F1BE37D0033B52A /* DireccionTableViewCell.swift */; };
		7D1BF88D1EDE01E800A032A0 /* BotonPanicoUiViewController.swift in Sources */ = {isa = PBXBuildFile; fileRef = 7D1BF88C1EDE01E800A032A0 /* BotonPanicoUiViewController.swift */; };
		7D1BF8911EE0F58200A032A0 /* TabBarController.swift in Sources */ = {isa = PBXBuildFile; fileRef = 7D1BF8901EE0F58200A032A0 /* TabBarController.swift */; };
		7D1BF8931EE1D48500A032A0 /* SettingsDAO.swift in Sources */ = {isa = PBXBuildFile; fileRef = 7D1BF8921EE1D48500A032A0 /* SettingsDAO.swift */; };
		7D1BF8971EE1FA3500A032A0 /* PerfilViewController.swift in Sources */ = {isa = PBXBuildFile; fileRef = 7D1BF8961EE1FA3500A032A0 /* PerfilViewController.swift */; };
		7D1BF89C1EE1FDF900A032A0 /* AvatarImageView.swift in Sources */ = {isa = PBXBuildFile; fileRef = 7D1BF89B1EE1FDF900A032A0 /* AvatarImageView.swift */; };
		7D1BF89E1EE20C3F00A032A0 /* Utils.swift in Sources */ = {isa = PBXBuildFile; fileRef = 7D1BF89D1EE20C3F00A032A0 /* Utils.swift */; };
		7D1BF8A01EE21BA100A032A0 /* GenerarQRViewController.swift in Sources */ = {isa = PBXBuildFile; fileRef = 7D1BF89F1EE21BA100A032A0 /* GenerarQRViewController.swift */; };
		7D1F0D331EE4B1DD00F308A1 /* GenerateQrResponse.swift in Sources */ = {isa = PBXBuildFile; fileRef = 7D1F0D321EE4B1DD00F308A1 /* GenerateQrResponse.swift */; };
		7D28BC521EE31C6A006CF726 /* AdminUserViewController.swift in Sources */ = {isa = PBXBuildFile; fileRef = 7D28BC511EE31C6A006CF726 /* AdminUserViewController.swift */; };
		7D28BC541EE32220006CF726 /* EscanerController.swift in Sources */ = {isa = PBXBuildFile; fileRef = 7D28BC531EE32220006CF726 /* EscanerController.swift */; };
		7D28BC5A1EE35954006CF726 /* LoginResponse.swift in Sources */ = {isa = PBXBuildFile; fileRef = 7D28BC591EE35954006CF726 /* LoginResponse.swift */; };
		7D298BF11EF2B8A3000D5EDC /* AdSupport.framework in Frameworks */ = {isa = PBXBuildFile; fileRef = 7D298BF01EF2B8A3000D5EDC /* AdSupport.framework */; };
		7D31FD461EE86A8700102684 /* DireccionesViewController.swift in Sources */ = {isa = PBXBuildFile; fileRef = 7D31FD451EE86A8700102684 /* DireccionesViewController.swift */; };
		7D31FD481EE9CCBC00102684 /* AgregarDireccionesViewController.swift in Sources */ = {isa = PBXBuildFile; fileRef = 7D31FD471EE9CCBC00102684 /* AgregarDireccionesViewController.swift */; };
		7D52142B1EEB3737000C6ACE /* ResponseGeneric.swift in Sources */ = {isa = PBXBuildFile; fileRef = 7D52142A1EEB3737000C6ACE /* ResponseGeneric.swift */; };
		7D52142D1EEB3C9C000C6ACE /* SospechosoViewController.swift in Sources */ = {isa = PBXBuildFile; fileRef = 7D52142C1EEB3C9C000C6ACE /* SospechosoViewController.swift */; };
		7D52142F1EF02CA1000C6ACE /* MapaAlertaViewController.swift in Sources */ = {isa = PBXBuildFile; fileRef = 7D52142E1EF02CA1000C6ACE /* MapaAlertaViewController.swift */; };
		7D8A40951F007557000A3178 /* Miembro.swift in Sources */ = {isa = PBXBuildFile; fileRef = 7D8A40941F007557000A3178 /* Miembro.swift */; };
		7D8A40971F007671000A3178 /* MiembrosResponse.swift in Sources */ = {isa = PBXBuildFile; fileRef = 7D8A40961F007671000A3178 /* MiembrosResponse.swift */; };
		7D8A40991F0124C6000A3178 /* SiguemeViewController.swift in Sources */ = {isa = PBXBuildFile; fileRef = 7D8A40981F0124C6000A3178 /* SiguemeViewController.swift */; };
		7D8A409B1F012D69000A3178 /* SiguemeButton.swift in Sources */ = {isa = PBXBuildFile; fileRef = 7D8A409A1F012D69000A3178 /* SiguemeButton.swift */; };
		7D9965FF1EF2B29700BB10E4 /* LocationService.swift in Sources */ = {isa = PBXBuildFile; fileRef = 7D9965FE1EF2B29700BB10E4 /* LocationService.swift */; };
		7DA45ADA1ED44C1F00111A99 /* UserResponse.swift in Sources */ = {isa = PBXBuildFile; fileRef = 7DA45AD91ED44C1F00111A99 /* UserResponse.swift */; };
		7DA45AE21ED4773800111A99 /* PruebaViewController.swift in Sources */ = {isa = PBXBuildFile; fileRef = 7DA45AE11ED4773800111A99 /* PruebaViewController.swift */; };
		7DAD18CB1ED439B2009B37E5 /* AppDelegate.swift in Sources */ = {isa = PBXBuildFile; fileRef = 7DAD18CA1ED439B2009B37E5 /* AppDelegate.swift */; };
		7DAD18CD1ED439B2009B37E5 /* LoginController.swift in Sources */ = {isa = PBXBuildFile; fileRef = 7DAD18CC1ED439B2009B37E5 /* LoginController.swift */; };
		7DAD18D01ED439B2009B37E5 /* Main.storyboard in Resources */ = {isa = PBXBuildFile; fileRef = 7DAD18CE1ED439B2009B37E5 /* Main.storyboard */; };
		7DAD18D31ED439B2009B37E5 /* DronePolice.xcdatamodeld in Sources */ = {isa = PBXBuildFile; fileRef = 7DAD18D11ED439B2009B37E5 /* DronePolice.xcdatamodeld */; };
		7DAD18D51ED439B2009B37E5 /* Assets.xcassets in Resources */ = {isa = PBXBuildFile; fileRef = 7DAD18D41ED439B2009B37E5 /* Assets.xcassets */; };
		7DAD18D81ED439B2009B37E5 /* LaunchScreen.storyboard in Resources */ = {isa = PBXBuildFile; fileRef = 7DAD18D61ED439B2009B37E5 /* LaunchScreen.storyboard */; };
		7DAD18E11ED43D76009B37E5 /* CustomButton.swift in Sources */ = {isa = PBXBuildFile; fileRef = 7DAD18E01ED43D76009B37E5 /* CustomButton.swift */; };
		7DAD18E51ED442A7009B37E5 /* RestConnection.swift in Sources */ = {isa = PBXBuildFile; fileRef = 7DAD18E41ED442A7009B37E5 /* RestConnection.swift */; };
		7DAD18E71ED442B2009B37E5 /* RestService.swift in Sources */ = {isa = PBXBuildFile; fileRef = 7DAD18E61ED442B2009B37E5 /* RestService.swift */; };
		7DAD18E91ED442D8009B37E5 /* ShortProfileResponse.swift in Sources */ = {isa = PBXBuildFile; fileRef = 7DAD18E81ED442D8009B37E5 /* ShortProfileResponse.swift */; };
		7DB58F7F1F29F1CF005D5A10 /* EstadosDAO.swift in Sources */ = {isa = PBXBuildFile; fileRef = 7DB58F7E1F29F1CF005D5A10 /* EstadosDAO.swift */; };
		7DEE016A1EF2F44500A4D419 /* RegistroViewController.swift in Sources */ = {isa = PBXBuildFile; fileRef = 7DEE01691EF2F44500A4D419 /* RegistroViewController.swift */; };
		7DF284DF1EF19624009D1F31 /* DireccionesResponse.swift in Sources */ = {isa = PBXBuildFile; fileRef = 7DF284DE1EF19624009D1F31 /* DireccionesResponse.swift */; };
		7DF284E11EF1970B009D1F31 /* Direccion.swift in Sources */ = {isa = PBXBuildFile; fileRef = 7DF284E01EF1970B009D1F31 /* Direccion.swift */; };
		7DF5C7621F29AF4D00436BC2 /* PopUpLocializarViewController.swift in Sources */ = {isa = PBXBuildFile; fileRef = 7DF5C7611F29AF4D00436BC2 /* PopUpLocializarViewController.swift */; };
		7DF5C7641F29D6DF00436BC2 /* EstadosViewController.swift in Sources */ = {isa = PBXBuildFile; fileRef = 7DF5C7631F29D6DF00436BC2 /* EstadosViewController.swift */; };
		7DF5C7661F29DE0D00436BC2 /* Estado.swift in Sources */ = {isa = PBXBuildFile; fileRef = 7DF5C7651F29DE0D00436BC2 /* Estado.swift */; };
		7DF5C7681F29E0BF00436BC2 /* EstadosResponse.swift in Sources */ = {isa = PBXBuildFile; fileRef = 7DF5C7671F29E0BF00436BC2 /* EstadosResponse.swift */; };
		7DF94CE61F152DF7003EC207 /* GoogleService-Info.plist in Resources */ = {isa = PBXBuildFile; fileRef = 7DF94CE51F152DF7003EC207 /* GoogleService-Info.plist */; };
		7DF94CE91F190851003EC207 /* LocalizacionViewController.swift in Sources */ = {isa = PBXBuildFile; fileRef = 7DF94CE81F190851003EC207 /* LocalizacionViewController.swift */; };
		F2290396275C6492008A2F2B /* ProgressViewCustom.swift in Sources */ = {isa = PBXBuildFile; fileRef = F2290395275C6492008A2F2B /* ProgressViewCustom.swift */; };
		F2290399275C68B8008A2F2B /* loader.json in Resources */ = {isa = PBXBuildFile; fileRef = F2290398275C68B8008A2F2B /* loader.json */; };
		F234E1D1275D505C007C80F6 /* Localizable.strings in Resources */ = {isa = PBXBuildFile; fileRef = F234E1D0275D505C007C80F6 /* Localizable.strings */; };
		F234E1D3275D5086007C80F6 /* String.swift in Sources */ = {isa = PBXBuildFile; fileRef = F234E1D2275D5086007C80F6 /* String.swift */; };
		F28349682761031400E136C5 /* Entities.swift in Sources */ = {isa = PBXBuildFile; fileRef = F28349672761031400E136C5 /* Entities.swift */; };
		F283496C276110B900E136C5 /* ProfileTableViewCell.swift in Sources */ = {isa = PBXBuildFile; fileRef = F283496A276110B900E136C5 /* ProfileTableViewCell.swift */; };
		F283496D276110B900E136C5 /* ProfileTableViewCell.xib in Resources */ = {isa = PBXBuildFile; fileRef = F283496B276110B900E136C5 /* ProfileTableViewCell.xib */; };
/* End PBXBuildFile section */

/* Begin PBXFileReference section */
		1D2D3A5524E5A23F008FFB16 /* SlideMenuController.swift */ = {isa = PBXFileReference; lastKnownFileType = sourcecode.swift; path = SlideMenuController.swift; sourceTree = "<group>"; };
		1DA3BA6624E7291C006E6A61 /* Constants.swift */ = {isa = PBXFileReference; lastKnownFileType = sourcecode.swift; path = Constants.swift; sourceTree = "<group>"; };
		1DB8D6FA250555390024813E /* LoginVC.swift */ = {isa = PBXFileReference; lastKnownFileType = sourcecode.swift; path = LoginVC.swift; sourceTree = "<group>"; };
		1DB8D6FB250555390024813E /* LoginVC.xib */ = {isa = PBXFileReference; lastKnownFileType = file.xib; path = LoginVC.xib; sourceTree = "<group>"; };
		1DB8D70325055AA20024813E /* LoginInteractor.swift */ = {isa = PBXFileReference; lastKnownFileType = sourcecode.swift; path = LoginInteractor.swift; sourceTree = "<group>"; };
		1DB8D70625055B0F0024813E /* LoginPresenter.swift */ = {isa = PBXFileReference; lastKnownFileType = sourcecode.swift; path = LoginPresenter.swift; sourceTree = "<group>"; };
		1DB8D70825055B330024813E /* LoginRouter.swift */ = {isa = PBXFileReference; lastKnownFileType = sourcecode.swift; path = LoginRouter.swift; sourceTree = "<group>"; };
		1DB8D70C25055B940024813E /* LoginProtocols.swift */ = {isa = PBXFileReference; lastKnownFileType = sourcecode.swift; path = LoginProtocols.swift; sourceTree = "<group>"; };
		1DB8D70E2505756E0024813E /* UIColor.swift */ = {isa = PBXFileReference; lastKnownFileType = sourcecode.swift; path = UIColor.swift; sourceTree = "<group>"; };
		1DF15DD12505871C00E073A5 /* BaseViewController.swift */ = {isa = PBXFileReference; lastKnownFileType = sourcecode.swift; path = BaseViewController.swift; sourceTree = "<group>"; };
		1DF15DD325058D4800E073A5 /* CustomTextField.swift */ = {isa = PBXFileReference; lastKnownFileType = sourcecode.swift; path = CustomTextField.swift; sourceTree = "<group>"; };
		1DF4DFFF24EB1126006E063D /* LoginEntity.swift */ = {isa = PBXFileReference; lastKnownFileType = sourcecode.swift; path = LoginEntity.swift; sourceTree = "<group>"; };
		1DF4E00124EB3472006E063D /* Colors.xcassets */ = {isa = PBXFileReference; lastKnownFileType = folder.assetcatalog; path = Colors.xcassets; sourceTree = "<group>"; };
		4934B13F1FB68729005C8871 /* HistorialViewController.swift */ = {isa = PBXFileReference; lastKnownFileType = sourcecode.swift; path = HistorialViewController.swift; sourceTree = "<group>"; };
		49D387E51FB4C7C3005A564A /* ImageCustom.swift */ = {isa = PBXFileReference; lastKnownFileType = sourcecode.swift; path = ImageCustom.swift; sourceTree = "<group>"; };
		7D157CBE1F1BE37D0033B52A /* DireccionTableViewCell.swift */ = {isa = PBXFileReference; fileEncoding = 4; lastKnownFileType = sourcecode.swift; path = DireccionTableViewCell.swift; sourceTree = "<group>"; };
		7D1BF88C1EDE01E800A032A0 /* BotonPanicoUiViewController.swift */ = {isa = PBXFileReference; fileEncoding = 4; lastKnownFileType = sourcecode.swift; path = BotonPanicoUiViewController.swift; sourceTree = "<group>"; };
		7D1BF8901EE0F58200A032A0 /* TabBarController.swift */ = {isa = PBXFileReference; fileEncoding = 4; lastKnownFileType = sourcecode.swift; path = TabBarController.swift; sourceTree = "<group>"; };
		7D1BF8921EE1D48500A032A0 /* SettingsDAO.swift */ = {isa = PBXFileReference; fileEncoding = 4; lastKnownFileType = sourcecode.swift; path = SettingsDAO.swift; sourceTree = "<group>"; };
		7D1BF8961EE1FA3500A032A0 /* PerfilViewController.swift */ = {isa = PBXFileReference; fileEncoding = 4; lastKnownFileType = sourcecode.swift; path = PerfilViewController.swift; sourceTree = "<group>"; };
		7D1BF89B1EE1FDF900A032A0 /* AvatarImageView.swift */ = {isa = PBXFileReference; fileEncoding = 4; lastKnownFileType = sourcecode.swift; path = AvatarImageView.swift; sourceTree = "<group>"; };
		7D1BF89D1EE20C3F00A032A0 /* Utils.swift */ = {isa = PBXFileReference; fileEncoding = 4; lastKnownFileType = sourcecode.swift; path = Utils.swift; sourceTree = "<group>"; };
		7D1BF89F1EE21BA100A032A0 /* GenerarQRViewController.swift */ = {isa = PBXFileReference; fileEncoding = 4; lastKnownFileType = sourcecode.swift; path = GenerarQRViewController.swift; sourceTree = "<group>"; };
		7D1F0D321EE4B1DD00F308A1 /* GenerateQrResponse.swift */ = {isa = PBXFileReference; fileEncoding = 4; lastKnownFileType = sourcecode.swift; path = GenerateQrResponse.swift; sourceTree = "<group>"; };
		7D28BC511EE31C6A006CF726 /* AdminUserViewController.swift */ = {isa = PBXFileReference; fileEncoding = 4; lastKnownFileType = sourcecode.swift; path = AdminUserViewController.swift; sourceTree = "<group>"; };
		7D28BC531EE32220006CF726 /* EscanerController.swift */ = {isa = PBXFileReference; fileEncoding = 4; lastKnownFileType = sourcecode.swift; path = EscanerController.swift; sourceTree = "<group>"; };
		7D28BC591EE35954006CF726 /* LoginResponse.swift */ = {isa = PBXFileReference; fileEncoding = 4; lastKnownFileType = sourcecode.swift; path = LoginResponse.swift; sourceTree = "<group>"; };
		7D298BF01EF2B8A3000D5EDC /* AdSupport.framework */ = {isa = PBXFileReference; lastKnownFileType = wrapper.framework; name = AdSupport.framework; path = System/Library/Frameworks/AdSupport.framework; sourceTree = SDKROOT; };
		7D31FD451EE86A8700102684 /* DireccionesViewController.swift */ = {isa = PBXFileReference; fileEncoding = 4; lastKnownFileType = sourcecode.swift; path = DireccionesViewController.swift; sourceTree = "<group>"; };
		7D31FD471EE9CCBC00102684 /* AgregarDireccionesViewController.swift */ = {isa = PBXFileReference; fileEncoding = 4; lastKnownFileType = sourcecode.swift; path = AgregarDireccionesViewController.swift; sourceTree = "<group>"; };
		7D52142A1EEB3737000C6ACE /* ResponseGeneric.swift */ = {isa = PBXFileReference; fileEncoding = 4; lastKnownFileType = sourcecode.swift; path = ResponseGeneric.swift; sourceTree = "<group>"; };
		7D52142C1EEB3C9C000C6ACE /* SospechosoViewController.swift */ = {isa = PBXFileReference; fileEncoding = 4; lastKnownFileType = sourcecode.swift; path = SospechosoViewController.swift; sourceTree = "<group>"; };
		7D52142E1EF02CA1000C6ACE /* MapaAlertaViewController.swift */ = {isa = PBXFileReference; fileEncoding = 4; lastKnownFileType = sourcecode.swift; path = MapaAlertaViewController.swift; sourceTree = "<group>"; };
		7D8A40941F007557000A3178 /* Miembro.swift */ = {isa = PBXFileReference; fileEncoding = 4; lastKnownFileType = sourcecode.swift; path = Miembro.swift; sourceTree = "<group>"; };
		7D8A40961F007671000A3178 /* MiembrosResponse.swift */ = {isa = PBXFileReference; fileEncoding = 4; lastKnownFileType = sourcecode.swift; path = MiembrosResponse.swift; sourceTree = "<group>"; };
		7D8A40981F0124C6000A3178 /* SiguemeViewController.swift */ = {isa = PBXFileReference; fileEncoding = 4; lastKnownFileType = sourcecode.swift; path = SiguemeViewController.swift; sourceTree = "<group>"; };
		7D8A409A1F012D69000A3178 /* SiguemeButton.swift */ = {isa = PBXFileReference; fileEncoding = 4; lastKnownFileType = sourcecode.swift; path = SiguemeButton.swift; sourceTree = "<group>"; };
		7D9965FE1EF2B29700BB10E4 /* LocationService.swift */ = {isa = PBXFileReference; fileEncoding = 4; lastKnownFileType = sourcecode.swift; path = LocationService.swift; sourceTree = "<group>"; };
		7DA45AD91ED44C1F00111A99 /* UserResponse.swift */ = {isa = PBXFileReference; fileEncoding = 4; lastKnownFileType = sourcecode.swift; path = UserResponse.swift; sourceTree = "<group>"; };
		7DA45ADB1ED474A500111A99 /* DronePolice-Bridging-Header.h */ = {isa = PBXFileReference; lastKnownFileType = sourcecode.c.h; path = "DronePolice-Bridging-Header.h"; sourceTree = "<group>"; };
		7DA45AE11ED4773800111A99 /* PruebaViewController.swift */ = {isa = PBXFileReference; fileEncoding = 4; lastKnownFileType = sourcecode.swift; path = PruebaViewController.swift; sourceTree = "<group>"; };
		7DAD18C71ED439B2009B37E5 /* DronePolice.app */ = {isa = PBXFileReference; explicitFileType = wrapper.application; includeInIndex = 0; path = DronePolice.app; sourceTree = BUILT_PRODUCTS_DIR; };
		7DAD18CA1ED439B2009B37E5 /* AppDelegate.swift */ = {isa = PBXFileReference; lastKnownFileType = sourcecode.swift; path = AppDelegate.swift; sourceTree = "<group>"; };
		7DAD18CC1ED439B2009B37E5 /* LoginController.swift */ = {isa = PBXFileReference; lastKnownFileType = sourcecode.swift; path = LoginController.swift; sourceTree = "<group>"; };
		7DAD18CF1ED439B2009B37E5 /* Base */ = {isa = PBXFileReference; lastKnownFileType = file.storyboard; name = Base; path = Base.lproj/Main.storyboard; sourceTree = "<group>"; };
		7DAD18D21ED439B2009B37E5 /* DronePolice.xcdatamodel */ = {isa = PBXFileReference; lastKnownFileType = wrapper.xcdatamodel; path = DronePolice.xcdatamodel; sourceTree = "<group>"; };
		7DAD18D41ED439B2009B37E5 /* Assets.xcassets */ = {isa = PBXFileReference; lastKnownFileType = folder.assetcatalog; path = Assets.xcassets; sourceTree = "<group>"; };
		7DAD18D71ED439B2009B37E5 /* Base */ = {isa = PBXFileReference; lastKnownFileType = file.storyboard; name = Base; path = Base.lproj/LaunchScreen.storyboard; sourceTree = "<group>"; };
		7DAD18D91ED439B2009B37E5 /* Info.plist */ = {isa = PBXFileReference; lastKnownFileType = text.plist.xml; path = Info.plist; sourceTree = "<group>"; };
		7DAD18E01ED43D76009B37E5 /* CustomButton.swift */ = {isa = PBXFileReference; fileEncoding = 4; lastKnownFileType = sourcecode.swift; path = CustomButton.swift; sourceTree = "<group>"; };
		7DAD18E41ED442A7009B37E5 /* RestConnection.swift */ = {isa = PBXFileReference; fileEncoding = 4; lastKnownFileType = sourcecode.swift; path = RestConnection.swift; sourceTree = "<group>"; };
		7DAD18E61ED442B2009B37E5 /* RestService.swift */ = {isa = PBXFileReference; fileEncoding = 4; lastKnownFileType = sourcecode.swift; path = RestService.swift; sourceTree = "<group>"; };
		7DAD18E81ED442D8009B37E5 /* ShortProfileResponse.swift */ = {isa = PBXFileReference; fileEncoding = 4; lastKnownFileType = sourcecode.swift; path = ShortProfileResponse.swift; sourceTree = "<group>"; };
		7DB58F7E1F29F1CF005D5A10 /* EstadosDAO.swift */ = {isa = PBXFileReference; fileEncoding = 4; lastKnownFileType = sourcecode.swift; path = EstadosDAO.swift; sourceTree = "<group>"; };
		7DEE01691EF2F44500A4D419 /* RegistroViewController.swift */ = {isa = PBXFileReference; fileEncoding = 4; lastKnownFileType = sourcecode.swift; path = RegistroViewController.swift; sourceTree = "<group>"; };
		7DF284DE1EF19624009D1F31 /* DireccionesResponse.swift */ = {isa = PBXFileReference; fileEncoding = 4; lastKnownFileType = sourcecode.swift; path = DireccionesResponse.swift; sourceTree = "<group>"; };
		7DF284E01EF1970B009D1F31 /* Direccion.swift */ = {isa = PBXFileReference; fileEncoding = 4; lastKnownFileType = sourcecode.swift; path = Direccion.swift; sourceTree = "<group>"; };
		7DF5C7611F29AF4D00436BC2 /* PopUpLocializarViewController.swift */ = {isa = PBXFileReference; fileEncoding = 4; lastKnownFileType = sourcecode.swift; path = PopUpLocializarViewController.swift; sourceTree = "<group>"; };
		7DF5C7631F29D6DF00436BC2 /* EstadosViewController.swift */ = {isa = PBXFileReference; fileEncoding = 4; lastKnownFileType = sourcecode.swift; path = EstadosViewController.swift; sourceTree = "<group>"; };
		7DF5C7651F29DE0D00436BC2 /* Estado.swift */ = {isa = PBXFileReference; fileEncoding = 4; lastKnownFileType = sourcecode.swift; path = Estado.swift; sourceTree = "<group>"; };
		7DF5C7671F29E0BF00436BC2 /* EstadosResponse.swift */ = {isa = PBXFileReference; fileEncoding = 4; lastKnownFileType = sourcecode.swift; path = EstadosResponse.swift; sourceTree = "<group>"; };
		7DF94CE51F152DF7003EC207 /* GoogleService-Info.plist */ = {isa = PBXFileReference; fileEncoding = 4; lastKnownFileType = text.plist.xml; path = "GoogleService-Info.plist"; sourceTree = "<group>"; };
		7DF94CE71F153EB1003EC207 /* DronePolice.entitlements */ = {isa = PBXFileReference; lastKnownFileType = text.plist.entitlements; path = DronePolice.entitlements; sourceTree = "<group>"; };
		7DF94CE81F190851003EC207 /* LocalizacionViewController.swift */ = {isa = PBXFileReference; fileEncoding = 4; lastKnownFileType = sourcecode.swift; path = LocalizacionViewController.swift; sourceTree = "<group>"; };
		8DCE8B55B61A79854F685A60 /* Pods-DronePolice.release.xcconfig */ = {isa = PBXFileReference; includeInIndex = 1; lastKnownFileType = text.xcconfig; name = "Pods-DronePolice.release.xcconfig"; path = "Target Support Files/Pods-DronePolice/Pods-DronePolice.release.xcconfig"; sourceTree = "<group>"; };
		B8E43DBB0B57A17B97FF643C /* Pods_DronePolice.framework */ = {isa = PBXFileReference; explicitFileType = wrapper.framework; includeInIndex = 0; path = Pods_DronePolice.framework; sourceTree = BUILT_PRODUCTS_DIR; };
		C8D75CD81C7138C8EB9D92EF /* Pods-DronePolice.debug.xcconfig */ = {isa = PBXFileReference; includeInIndex = 1; lastKnownFileType = text.xcconfig; name = "Pods-DronePolice.debug.xcconfig"; path = "Target Support Files/Pods-DronePolice/Pods-DronePolice.debug.xcconfig"; sourceTree = "<group>"; };
		F2290395275C6492008A2F2B /* ProgressViewCustom.swift */ = {isa = PBXFileReference; lastKnownFileType = sourcecode.swift; path = ProgressViewCustom.swift; sourceTree = "<group>"; };
		F2290398275C68B8008A2F2B /* loader.json */ = {isa = PBXFileReference; fileEncoding = 4; lastKnownFileType = text.json; path = loader.json; sourceTree = "<group>"; };
		F234E1D0275D505C007C80F6 /* Localizable.strings */ = {isa = PBXFileReference; lastKnownFileType = text.plist.strings; path = Localizable.strings; sourceTree = "<group>"; };
		F234E1D2275D5086007C80F6 /* String.swift */ = {isa = PBXFileReference; lastKnownFileType = sourcecode.swift; path = String.swift; sourceTree = "<group>"; };
		F28349672761031400E136C5 /* Entities.swift */ = {isa = PBXFileReference; lastKnownFileType = sourcecode.swift; path = Entities.swift; sourceTree = "<group>"; };
		F283496A276110B900E136C5 /* ProfileTableViewCell.swift */ = {isa = PBXFileReference; lastKnownFileType = sourcecode.swift; path = ProfileTableViewCell.swift; sourceTree = "<group>"; };
		F283496B276110B900E136C5 /* ProfileTableViewCell.xib */ = {isa = PBXFileReference; lastKnownFileType = file.xib; path = ProfileTableViewCell.xib; sourceTree = "<group>"; };
/* End PBXFileReference section */

/* Begin PBXFrameworksBuildPhase section */
		7DAD18C41ED439B2009B37E5 /* Frameworks */ = {
			isa = PBXFrameworksBuildPhase;
			buildActionMask = 2147483647;
			files = (
				7D298BF11EF2B8A3000D5EDC /* AdSupport.framework in Frameworks */,
				5B1ACE75148B91BF35F66784 /* Pods_DronePolice.framework in Frameworks */,
			);
			runOnlyForDeploymentPostprocessing = 0;
		};
/* End PBXFrameworksBuildPhase section */

/* Begin PBXGroup section */
		1DA3BA6524E72901006E6A61 /* Constants */ = {
			isa = PBXGroup;
			children = (
				1DA3BA6624E7291C006E6A61 /* Constants.swift */,
			);
			name = Constants;
			sourceTree = "<group>";
		};
		1DB8D6FE25055A490024813E /* View */ = {
			isa = PBXGroup;
			children = (
				1DB8D6FB250555390024813E /* LoginVC.xib */,
				1DB8D6FA250555390024813E /* LoginVC.swift */,
			);
			name = View;
			sourceTree = "<group>";
		};
		1DB8D6FF25055A530024813E /* Interactor */ = {
			isa = PBXGroup;
			children = (
				1DB8D70325055AA20024813E /* LoginInteractor.swift */,
			);
			name = Interactor;
			sourceTree = "<group>";
		};
		1DB8D70025055A5B0024813E /* Presenter */ = {
			isa = PBXGroup;
			children = (
				1DB8D70625055B0F0024813E /* LoginPresenter.swift */,
			);
			name = Presenter;
			sourceTree = "<group>";
		};
		1DB8D70125055A630024813E /* Entity */ = {
			isa = PBXGroup;
			children = (
				1DF4DFFF24EB1126006E063D /* LoginEntity.swift */,
			);
			name = Entity;
			sourceTree = "<group>";
		};
		1DB8D70225055A6B0024813E /* Router */ = {
			isa = PBXGroup;
			children = (
				1DB8D70825055B330024813E /* LoginRouter.swift */,
			);
			name = Router;
			sourceTree = "<group>";
		};
		1DB8D70A25055B460024813E /* Protocols */ = {
			isa = PBXGroup;
			children = (
				1DB8D70C25055B940024813E /* LoginProtocols.swift */,
			);
			name = Protocols;
			sourceTree = "<group>";
		};
		1DB8D710250576410024813E /* Extensions */ = {
			isa = PBXGroup;
			children = (
				1DB8D70E2505756E0024813E /* UIColor.swift */,
				F234E1D2275D5086007C80F6 /* String.swift */,
			);
			name = Extensions;
			sourceTree = "<group>";
		};
		1DC69E0524EA0C5B003EBD40 /* Redesign */ = {
			isa = PBXGroup;
			children = (
				F2834966276102FE00E136C5 /* Entities */,
				F234E1CF275D5013007C80F6 /* Localizables */,
				F2290397275C6780008A2F2B /* Animations */,
				F2290394275C6445008A2F2B /* Commons */,
				1DF15DD0250586FB00E073A5 /* Base */,
				1DB8D710250576410024813E /* Extensions */,
				7DAD18DF1ED43D4F009B37E5 /* Components */,
				1DF31C252507092300A332D0 /* Features */,
			);
			name = Redesign;
			sourceTree = "<group>";
		};
		1DC69E0624EA0D11003EBD40 /* Login */ = {
			isa = PBXGroup;
			children = (
				1DB8D70A25055B460024813E /* Protocols */,
				1DB8D70225055A6B0024813E /* Router */,
				1DB8D70125055A630024813E /* Entity */,
				1DB8D70025055A5B0024813E /* Presenter */,
				1DB8D6FF25055A530024813E /* Interactor */,
				1DB8D6FE25055A490024813E /* View */,
			);
			name = Login;
			sourceTree = "<group>";
		};
		1DF15DD0250586FB00E073A5 /* Base */ = {
			isa = PBXGroup;
			children = (
				1DF15DD12505871C00E073A5 /* BaseViewController.swift */,
			);
			name = Base;
			sourceTree = "<group>";
		};
		1DF31C252507092300A332D0 /* Features */ = {
			isa = PBXGroup;
			children = (
				1DC69E0624EA0D11003EBD40 /* Login */,
			);
			name = Features;
			sourceTree = "<group>";
		};
		7D1BF8941EE1DB2600A032A0 /* DataBase */ = {
			isa = PBXGroup;
			children = (
				7D1BF8951EE1DB4B00A032A0 /* Model */,
				7DAD18D11ED439B2009B37E5 /* DronePolice.xcdatamodeld */,
			);
			name = DataBase;
			sourceTree = "<group>";
		};
		7D1BF8951EE1DB4B00A032A0 /* Model */ = {
			isa = PBXGroup;
			children = (
				7D1BF8921EE1D48500A032A0 /* SettingsDAO.swift */,
				7DB58F7E1F29F1CF005D5A10 /* EstadosDAO.swift */,
			);
			name = Model;
			sourceTree = "<group>";
		};
		7D28BC551EE35750006CF726 /* TabBarController */ = {
			isa = PBXGroup;
			children = (
				7D1BF8901EE0F58200A032A0 /* TabBarController.swift */,
				7D28BC561EE35768006CF726 /* Tabs */,
			);
			name = TabBarController;
			sourceTree = "<group>";
		};
		7D28BC561EE35768006CF726 /* Tabs */ = {
			isa = PBXGroup;
			children = (
				7D8A40931F007008000A3178 /* AdminUsuarios */,
				7DEE01701EF5BFE600A4D419 /* Configuracion */,
				7D28BC531EE32220006CF726 /* EscanerController.swift */,
				7D31FD471EE9CCBC00102684 /* AgregarDireccionesViewController.swift */,
				7DF5C7611F29AF4D00436BC2 /* PopUpLocializarViewController.swift */,
				7DF5C7631F29D6DF00436BC2 /* EstadosViewController.swift */,
				7D1BF89B1EE1FDF900A032A0 /* AvatarImageView.swift */,
				7D157CBE1F1BE37D0033B52A /* DireccionTableViewCell.swift */,
				7DF94CE81F190851003EC207 /* LocalizacionViewController.swift */,
				7D1BF89F1EE21BA100A032A0 /* GenerarQRViewController.swift */,
				7D8A40981F0124C6000A3178 /* SiguemeViewController.swift */,
				7D1BF88C1EDE01E800A032A0 /* BotonPanicoUiViewController.swift */,
				7D31FD451EE86A8700102684 /* DireccionesViewController.swift */,
				7D52142C1EEB3C9C000C6ACE /* SospechosoViewController.swift */,
				7D52142E1EF02CA1000C6ACE /* MapaAlertaViewController.swift */,
				4934B13F1FB68729005C8871 /* HistorialViewController.swift */,
			);
			name = Tabs;
			sourceTree = "<group>";
		};
		7D28BC581EE357E1006CF726 /* FireBase */ = {
			isa = PBXGroup;
			children = (
				7DF94CE51F152DF7003EC207 /* GoogleService-Info.plist */,
			);
			name = FireBase;
			sourceTree = "<group>";
		};
		7D8A40931F007008000A3178 /* AdminUsuarios */ = {
			isa = PBXGroup;
			children = (
				7D28BC511EE31C6A006CF726 /* AdminUserViewController.swift */,
			);
			name = AdminUsuarios;
			sourceTree = "<group>";
		};
		7DAD18BE1ED439B2009B37E5 = {
			isa = PBXGroup;
			children = (
				7DAD18C91ED439B2009B37E5 /* DronePolice */,
				7DAD18C81ED439B2009B37E5 /* Products */,
				B73474C427ABF80E98EDE9ED /* Frameworks */,
				EB8C90D1E30709C3AFC37477 /* Pods */,
			);
			sourceTree = "<group>";
		};
		7DAD18C81ED439B2009B37E5 /* Products */ = {
			isa = PBXGroup;
			children = (
				7DAD18C71ED439B2009B37E5 /* DronePolice.app */,
			);
			name = Products;
			sourceTree = "<group>";
		};
		7DAD18C91ED439B2009B37E5 /* DronePolice */ = {
			isa = PBXGroup;
			children = (
				7DF94CE71F153EB1003EC207 /* DronePolice.entitlements */,
				7DEE016E1EF58BDC00A4D419 /* Bridge DronePolice */,
				1DF4E00124EB3472006E063D /* Colors.xcassets */,
				7DAD18D41ED439B2009B37E5 /* Assets.xcassets */,
				7D28BC581EE357E1006CF726 /* FireBase */,
				1DA3BA6524E72901006E6A61 /* Constants */,
				1DC69E0524EA0C5B003EBD40 /* Redesign */,
				7DEE016C1EF58B7B00A4D419 /* AppDelegate */,
				7DEE016B1EF58B6100A4D419 /* Utils */,
				7DF285001EF20709009D1F31 /* Location */,
				7DAD18EA1ED442E0009B37E5 /* Service Rest */,
				7D1BF8941EE1DB2600A032A0 /* DataBase */,
				7DA45AE11ED4773800111A99 /* PruebaViewController.swift */,
				F2E368BA275C42AF002EA52F /* Feature */,
				7DAD18D91ED439B2009B37E5 /* Info.plist */,
			);
			path = DronePolice;
			sourceTree = "<group>";
		};
		7DAD18DF1ED43D4F009B37E5 /* Components */ = {
			isa = PBXGroup;
			children = (
				7DAD18E01ED43D76009B37E5 /* CustomButton.swift */,
				7D8A409A1F012D69000A3178 /* SiguemeButton.swift */,
				49D387E51FB4C7C3005A564A /* ImageCustom.swift */,
				1DF15DD325058D4800E073A5 /* CustomTextField.swift */,
			);
			name = Components;
			sourceTree = "<group>";
		};
		7DAD18EA1ED442E0009B37E5 /* Service Rest */ = {
			isa = PBXGroup;
			children = (
				7DAD18E41ED442A7009B37E5 /* RestConnection.swift */,
				7DAD18E61ED442B2009B37E5 /* RestService.swift */,
				7DAD18EB1ED442F9009B37E5 /* Response */,
			);
			name = "Service Rest";
			sourceTree = "<group>";
		};
		7DAD18EB1ED442F9009B37E5 /* Response */ = {
			isa = PBXGroup;
			children = (
				7DAD18E81ED442D8009B37E5 /* ShortProfileResponse.swift */,
				7DA45AD91ED44C1F00111A99 /* UserResponse.swift */,
				7D28BC591EE35954006CF726 /* LoginResponse.swift */,
				7D1F0D321EE4B1DD00F308A1 /* GenerateQrResponse.swift */,
				7D52142A1EEB3737000C6ACE /* ResponseGeneric.swift */,
				7DF284DE1EF19624009D1F31 /* DireccionesResponse.swift */,
				7DF5C7671F29E0BF00436BC2 /* EstadosResponse.swift */,
				7D8A40961F007671000A3178 /* MiembrosResponse.swift */,
				7D8A40941F007557000A3178 /* Miembro.swift */,
				7DF5C7651F29DE0D00436BC2 /* Estado.swift */,
				7DF284E01EF1970B009D1F31 /* Direccion.swift */,
			);
			name = Response;
			sourceTree = "<group>";
		};
		7DEE016B1EF58B6100A4D419 /* Utils */ = {
			isa = PBXGroup;
			children = (
				7D1BF89D1EE20C3F00A032A0 /* Utils.swift */,
				1D2D3A5524E5A23F008FFB16 /* SlideMenuController.swift */,
			);
			name = Utils;
			sourceTree = "<group>";
		};
		7DEE016C1EF58B7B00A4D419 /* AppDelegate */ = {
			isa = PBXGroup;
			children = (
				7DAD18CA1ED439B2009B37E5 /* AppDelegate.swift */,
			);
			name = AppDelegate;
			sourceTree = "<group>";
		};
		7DEE016D1EF58BC000A4D419 /* StoryBoard */ = {
			isa = PBXGroup;
			children = (
				7DAD18CE1ED439B2009B37E5 /* Main.storyboard */,
				7DAD18D61ED439B2009B37E5 /* LaunchScreen.storyboard */,
			);
			name = StoryBoard;
			sourceTree = "<group>";
		};
		7DEE016E1EF58BDC00A4D419 /* Bridge DronePolice */ = {
			isa = PBXGroup;
			children = (
				7DA45ADB1ED474A500111A99 /* DronePolice-Bridging-Header.h */,
			);
			name = "Bridge DronePolice";
			sourceTree = "<group>";
		};
		7DEE016F1EF58D8E00A4D419 /* Login */ = {
			isa = PBXGroup;
			children = (
				7DEE01691EF2F44500A4D419 /* RegistroViewController.swift */,
				7DAD18CC1ED439B2009B37E5 /* LoginController.swift */,
			);
			name = Login;
			sourceTree = "<group>";
		};
		7DEE01701EF5BFE600A4D419 /* Configuracion */ = {
			isa = PBXGroup;
			children = (
				F28349692761103600E136C5 /* Cell */,
				7D1BF8961EE1FA3500A032A0 /* PerfilViewController.swift */,
			);
			name = Configuracion;
			sourceTree = "<group>";
		};
		7DF285001EF20709009D1F31 /* Location */ = {
			isa = PBXGroup;
			children = (
				7D9965FE1EF2B29700BB10E4 /* LocationService.swift */,
			);
			name = Location;
			sourceTree = "<group>";
		};
		B73474C427ABF80E98EDE9ED /* Frameworks */ = {
			isa = PBXGroup;
			children = (
				7D298BF01EF2B8A3000D5EDC /* AdSupport.framework */,
				B8E43DBB0B57A17B97FF643C /* Pods_DronePolice.framework */,
			);
			name = Frameworks;
			sourceTree = "<group>";
		};
		EB8C90D1E30709C3AFC37477 /* Pods */ = {
			isa = PBXGroup;
			children = (
				C8D75CD81C7138C8EB9D92EF /* Pods-DronePolice.debug.xcconfig */,
				8DCE8B55B61A79854F685A60 /* Pods-DronePolice.release.xcconfig */,
			);
			path = Pods;
			sourceTree = "<group>";
		};
		F2290394275C6445008A2F2B /* Commons */ = {
			isa = PBXGroup;
			children = (
				F2290395275C6492008A2F2B /* ProgressViewCustom.swift */,
			);
			name = Commons;
			sourceTree = "<group>";
		};
		F2290397275C6780008A2F2B /* Animations */ = {
			isa = PBXGroup;
			children = (
				F2290398275C68B8008A2F2B /* loader.json */,
			);
			name = Animations;
			sourceTree = "<group>";
		};
		F234E1CF275D5013007C80F6 /* Localizables */ = {
			isa = PBXGroup;
			children = (
				F234E1D0275D505C007C80F6 /* Localizable.strings */,
			);
			name = Localizables;
			sourceTree = "<group>";
		};
		F2834966276102FE00E136C5 /* Entities */ = {
			isa = PBXGroup;
			children = (
				F28349672761031400E136C5 /* Entities.swift */,
			);
			name = Entities;
			sourceTree = "<group>";
		};
		F28349692761103600E136C5 /* Cell */ = {
			isa = PBXGroup;
			children = (
				F283496A276110B900E136C5 /* ProfileTableViewCell.swift */,
				F283496B276110B900E136C5 /* ProfileTableViewCell.xib */,
			);
			name = Cell;
			sourceTree = "<group>";
		};
		F2E368BA275C42AF002EA52F /* Feature */ = {
			isa = PBXGroup;
			children = (
				7DEE016D1EF58BC000A4D419 /* StoryBoard */,
				7DEE016F1EF58D8E00A4D419 /* Login */,
				7D28BC551EE35750006CF726 /* TabBarController */,
			);
			name = Feature;
			sourceTree = "<group>";
		};
/* End PBXGroup section */

/* Begin PBXNativeTarget section */
		7DAD18C61ED439B2009B37E5 /* DronePolice */ = {
			isa = PBXNativeTarget;
			buildConfigurationList = 7DAD18DC1ED439B2009B37E5 /* Build configuration list for PBXNativeTarget "DronePolice" */;
			buildPhases = (
				4073F5870F6A0414161656E9 /* [CP] Check Pods Manifest.lock */,
				7DAD18C31ED439B2009B37E5 /* Sources */,
				7DAD18C41ED439B2009B37E5 /* Frameworks */,
				7DAD18C51ED439B2009B37E5 /* Resources */,
				7ED9ED49F73A325F67BB8B1F /* [CP] Embed Pods Frameworks */,
				FFD25E5A70E3095F9B2CCC4C /* [CP] Copy Pods Resources */,
			);
			buildRules = (
			);
			dependencies = (
			);
			name = DronePolice;
			productName = DronePolice;
			productReference = 7DAD18C71ED439B2009B37E5 /* DronePolice.app */;
			productType = "com.apple.product-type.application";
		};
/* End PBXNativeTarget section */

/* Begin PBXProject section */
		7DAD18BF1ED439B2009B37E5 /* Project object */ = {
			isa = PBXProject;
			attributes = {
				LastSwiftUpdateCheck = 0830;
				LastUpgradeCheck = 1200;
				ORGANIZATIONNAME = "Miguel Mexicano Herrera";
				TargetAttributes = {
					7DAD18C61ED439B2009B37E5 = {
						CreatedOnToolsVersion = 8.3.2;
						DevelopmentTeam = MC2W678MVZ;
						LastSwiftMigration = 0830;
						ProvisioningStyle = Automatic;
						SystemCapabilities = {
							com.apple.BackgroundModes = {
								enabled = 1;
							};
							com.apple.Push = {
								enabled = 1;
							};
						};
					};
				};
			};
			buildConfigurationList = 7DAD18C21ED439B2009B37E5 /* Build configuration list for PBXProject "DronePolice" */;
			compatibilityVersion = "Xcode 3.2";
			developmentRegion = en;
			hasScannedForEncodings = 0;
			knownRegions = (
				en,
				Base,
			);
			mainGroup = 7DAD18BE1ED439B2009B37E5;
			productRefGroup = 7DAD18C81ED439B2009B37E5 /* Products */;
			projectDirPath = "";
			projectRoot = "";
			targets = (
				7DAD18C61ED439B2009B37E5 /* DronePolice */,
			);
		};
/* End PBXProject section */

/* Begin PBXResourcesBuildPhase section */
		7DAD18C51ED439B2009B37E5 /* Resources */ = {
			isa = PBXResourcesBuildPhase;
			buildActionMask = 2147483647;
			files = (
				1DB8D6FD250555390024813E /* LoginVC.xib in Resources */,
				7DAD18D81ED439B2009B37E5 /* LaunchScreen.storyboard in Resources */,
				7DAD18D51ED439B2009B37E5 /* Assets.xcassets in Resources */,
				F2290399275C68B8008A2F2B /* loader.json in Resources */,
				1DF4E00224EB3472006E063D /* Colors.xcassets in Resources */,
				F283496D276110B900E136C5 /* ProfileTableViewCell.xib in Resources */,
				F234E1D1275D505C007C80F6 /* Localizable.strings in Resources */,
				7DAD18D01ED439B2009B37E5 /* Main.storyboard in Resources */,
				7DF94CE61F152DF7003EC207 /* GoogleService-Info.plist in Resources */,
			);
			runOnlyForDeploymentPostprocessing = 0;
		};
/* End PBXResourcesBuildPhase section */

/* Begin PBXShellScriptBuildPhase section */
		4073F5870F6A0414161656E9 /* [CP] Check Pods Manifest.lock */ = {
			isa = PBXShellScriptBuildPhase;
			buildActionMask = 2147483647;
			files = (
			);
			inputFileListPaths = (
			);
			inputPaths = (
				"${PODS_PODFILE_DIR_PATH}/Podfile.lock",
				"${PODS_ROOT}/Manifest.lock",
			);
			name = "[CP] Check Pods Manifest.lock";
			outputFileListPaths = (
			);
			outputPaths = (
				"$(DERIVED_FILE_DIR)/Pods-DronePolice-checkManifestLockResult.txt",
			);
			runOnlyForDeploymentPostprocessing = 0;
			shellPath = /bin/sh;
			shellScript = "diff \"${PODS_PODFILE_DIR_PATH}/Podfile.lock\" \"${PODS_ROOT}/Manifest.lock\" > /dev/null\nif [ $? != 0 ] ; then\n    # print error to STDERR\n    echo \"error: The sandbox is not in sync with the Podfile.lock. Run 'pod install' or update your CocoaPods installation.\" >&2\n    exit 1\nfi\n# This output is used by Xcode 'outputs' to avoid re-running this script phase.\necho \"SUCCESS\" > \"${SCRIPT_OUTPUT_FILE_0}\"\n";
			showEnvVarsInLog = 0;
		};
		7ED9ED49F73A325F67BB8B1F /* [CP] Embed Pods Frameworks */ = {
			isa = PBXShellScriptBuildPhase;
			buildActionMask = 2147483647;
			files = (
			);
			inputPaths = (
				"${PODS_ROOT}/Target Support Files/Pods-DronePolice/Pods-DronePolice-frameworks.sh",
				"${BUILT_PRODUCTS_DIR}/AppAuth/AppAuth.framework",
				"${BUILT_PRODUCTS_DIR}/ConnectionLayer/ConnectionLayer.framework",
				"${BUILT_PRODUCTS_DIR}/CryptoSwift/CryptoSwift.framework",
				"${BUILT_PRODUCTS_DIR}/FBAEMKit/FBAEMKit.framework",
				"${BUILT_PRODUCTS_DIR}/FBSDKCoreKit/FBSDKCoreKit.framework",
				"${BUILT_PRODUCTS_DIR}/FBSDKCoreKit_Basics/FBSDKCoreKit_Basics.framework",
				"${BUILT_PRODUCTS_DIR}/FBSDKLoginKit/FBSDKLoginKit.framework",
				"${BUILT_PRODUCTS_DIR}/GTMAppAuth/GTMAppAuth.framework",
				"${BUILT_PRODUCTS_DIR}/GTMSessionFetcher/GTMSessionFetcher.framework",
				"${BUILT_PRODUCTS_DIR}/GoogleUtilities/GoogleUtilities.framework",
				"${BUILT_PRODUCTS_DIR}/NutUtils/NutUtils.framework",
				"${BUILT_PRODUCTS_DIR}/PromisesObjC/FBLPromises.framework",
				"${BUILT_PRODUCTS_DIR}/Protobuf/Protobuf.framework",
				"${BUILT_PRODUCTS_DIR}/SwiftMessages/SwiftMessages.framework",
				"${BUILT_PRODUCTS_DIR}/lottie-ios/Lottie.framework",
				"${BUILT_PRODUCTS_DIR}/nanopb/nanopb.framework",
			);
			name = "[CP] Embed Pods Frameworks";
			outputPaths = (
				"${TARGET_BUILD_DIR}/${FRAMEWORKS_FOLDER_PATH}/AppAuth.framework",
				"${TARGET_BUILD_DIR}/${FRAMEWORKS_FOLDER_PATH}/ConnectionLayer.framework",
				"${TARGET_BUILD_DIR}/${FRAMEWORKS_FOLDER_PATH}/CryptoSwift.framework",
				"${TARGET_BUILD_DIR}/${FRAMEWORKS_FOLDER_PATH}/FBAEMKit.framework",
				"${TARGET_BUILD_DIR}/${FRAMEWORKS_FOLDER_PATH}/FBSDKCoreKit.framework",
				"${TARGET_BUILD_DIR}/${FRAMEWORKS_FOLDER_PATH}/FBSDKCoreKit_Basics.framework",
				"${TARGET_BUILD_DIR}/${FRAMEWORKS_FOLDER_PATH}/FBSDKLoginKit.framework",
				"${TARGET_BUILD_DIR}/${FRAMEWORKS_FOLDER_PATH}/GTMAppAuth.framework",
				"${TARGET_BUILD_DIR}/${FRAMEWORKS_FOLDER_PATH}/GTMSessionFetcher.framework",
				"${TARGET_BUILD_DIR}/${FRAMEWORKS_FOLDER_PATH}/GoogleUtilities.framework",
				"${TARGET_BUILD_DIR}/${FRAMEWORKS_FOLDER_PATH}/NutUtils.framework",
				"${TARGET_BUILD_DIR}/${FRAMEWORKS_FOLDER_PATH}/FBLPromises.framework",
				"${TARGET_BUILD_DIR}/${FRAMEWORKS_FOLDER_PATH}/Protobuf.framework",
				"${TARGET_BUILD_DIR}/${FRAMEWORKS_FOLDER_PATH}/SwiftMessages.framework",
				"${TARGET_BUILD_DIR}/${FRAMEWORKS_FOLDER_PATH}/Lottie.framework",
				"${TARGET_BUILD_DIR}/${FRAMEWORKS_FOLDER_PATH}/nanopb.framework",
			);
			runOnlyForDeploymentPostprocessing = 0;
			shellPath = /bin/sh;
			shellScript = "\"${PODS_ROOT}/Target Support Files/Pods-DronePolice/Pods-DronePolice-frameworks.sh\"\n";
			showEnvVarsInLog = 0;
		};
		FFD25E5A70E3095F9B2CCC4C /* [CP] Copy Pods Resources */ = {
			isa = PBXShellScriptBuildPhase;
			buildActionMask = 2147483647;
			files = (
			);
			inputPaths = (
				"${PODS_ROOT}/Target Support Files/Pods-DronePolice/Pods-DronePolice-resources.sh",
				"${PODS_ROOT}/GoogleMaps/Maps/Frameworks/GoogleMaps.framework/Resources/GoogleMaps.bundle",
				"${PODS_ROOT}/GooglePlaces/Frameworks/GooglePlaces.framework/Resources/GooglePlaces.bundle",
				"${PODS_ROOT}/GoogleSignIn/Resources/GoogleSignIn.bundle",
			);
			name = "[CP] Copy Pods Resources";
			outputPaths = (
				"${TARGET_BUILD_DIR}/${UNLOCALIZED_RESOURCES_FOLDER_PATH}/GoogleMaps.bundle",
				"${TARGET_BUILD_DIR}/${UNLOCALIZED_RESOURCES_FOLDER_PATH}/GooglePlaces.bundle",
				"${TARGET_BUILD_DIR}/${UNLOCALIZED_RESOURCES_FOLDER_PATH}/GoogleSignIn.bundle",
			);
			runOnlyForDeploymentPostprocessing = 0;
			shellPath = /bin/sh;
			shellScript = "\"${PODS_ROOT}/Target Support Files/Pods-DronePolice/Pods-DronePolice-resources.sh\"\n";
			showEnvVarsInLog = 0;
		};
/* End PBXShellScriptBuildPhase section */

/* Begin PBXSourcesBuildPhase section */
		7DAD18C31ED439B2009B37E5 /* Sources */ = {
			isa = PBXSourcesBuildPhase;
			buildActionMask = 2147483647;
			files = (
				7D1BF88D1EDE01E800A032A0 /* BotonPanicoUiViewController.swift in Sources */,
				7D1BF8931EE1D48500A032A0 /* SettingsDAO.swift in Sources */,
				7D1BF8A01EE21BA100A032A0 /* GenerarQRViewController.swift in Sources */,
				7DF5C7621F29AF4D00436BC2 /* PopUpLocializarViewController.swift in Sources */,
				49D387E61FB4C7C3005A564A /* ImageCustom.swift in Sources */,
				7D28BC541EE32220006CF726 /* EscanerController.swift in Sources */,
				1D2D3A5624E5A23F008FFB16 /* SlideMenuController.swift in Sources */,
				1DF15DD425058D4800E073A5 /* CustomTextField.swift in Sources */,
				7D28BC5A1EE35954006CF726 /* LoginResponse.swift in Sources */,
				7D8A40951F007557000A3178 /* Miembro.swift in Sources */,
				7DAD18E11ED43D76009B37E5 /* CustomButton.swift in Sources */,
				7DAD18E51ED442A7009B37E5 /* RestConnection.swift in Sources */,
				F234E1D3275D5086007C80F6 /* String.swift in Sources */,
				7DF94CE91F190851003EC207 /* LocalizacionViewController.swift in Sources */,
				7D157CBF1F1BE37D0033B52A /* DireccionTableViewCell.swift in Sources */,
				7DAD18D31ED439B2009B37E5 /* DronePolice.xcdatamodeld in Sources */,
				1DF15DD22505871C00E073A5 /* BaseViewController.swift in Sources */,
				7D31FD461EE86A8700102684 /* DireccionesViewController.swift in Sources */,
				7DF5C7641F29D6DF00436BC2 /* EstadosViewController.swift in Sources */,
				7DA45ADA1ED44C1F00111A99 /* UserResponse.swift in Sources */,
				7DAD18CD1ED439B2009B37E5 /* LoginController.swift in Sources */,
				7D8A409B1F012D69000A3178 /* SiguemeButton.swift in Sources */,
				1DB8D70425055AA20024813E /* LoginInteractor.swift in Sources */,
				1DB8D70F2505756E0024813E /* UIColor.swift in Sources */,
				7D52142B1EEB3737000C6ACE /* ResponseGeneric.swift in Sources */,
				7DEE016A1EF2F44500A4D419 /* RegistroViewController.swift in Sources */,
				1DB8D70725055B0F0024813E /* LoginPresenter.swift in Sources */,
				7DF5C7661F29DE0D00436BC2 /* Estado.swift in Sources */,
				7D52142D1EEB3C9C000C6ACE /* SospechosoViewController.swift in Sources */,
				7DF284E11EF1970B009D1F31 /* Direccion.swift in Sources */,
				7D28BC521EE31C6A006CF726 /* AdminUserViewController.swift in Sources */,
				F2290396275C6492008A2F2B /* ProgressViewCustom.swift in Sources */,
				1DB8D70925055B330024813E /* LoginRouter.swift in Sources */,
				7D8A40991F0124C6000A3178 /* SiguemeViewController.swift in Sources */,
				7D1F0D331EE4B1DD00F308A1 /* GenerateQrResponse.swift in Sources */,
				7DF5C7681F29E0BF00436BC2 /* EstadosResponse.swift in Sources */,
				1DF4E00024EB1126006E063D /* LoginEntity.swift in Sources */,
				7D52142F1EF02CA1000C6ACE /* MapaAlertaViewController.swift in Sources */,
				7DF284DF1EF19624009D1F31 /* DireccionesResponse.swift in Sources */,
				7D1BF89E1EE20C3F00A032A0 /* Utils.swift in Sources */,
				7DB58F7F1F29F1CF005D5A10 /* EstadosDAO.swift in Sources */,
				7DAD18CB1ED439B2009B37E5 /* AppDelegate.swift in Sources */,
				1DB8D6FC250555390024813E /* LoginVC.swift in Sources */,
				7DAD18E71ED442B2009B37E5 /* RestService.swift in Sources */,
				1DA3BA6724E7291C006E6A61 /* Constants.swift in Sources */,
				F283496C276110B900E136C5 /* ProfileTableViewCell.swift in Sources */,
				7D1BF8911EE0F58200A032A0 /* TabBarController.swift in Sources */,
				F28349682761031400E136C5 /* Entities.swift in Sources */,
				1DB8D70D25055B940024813E /* LoginProtocols.swift in Sources */,
				7D31FD481EE9CCBC00102684 /* AgregarDireccionesViewController.swift in Sources */,
				7DAD18E91ED442D8009B37E5 /* ShortProfileResponse.swift in Sources */,
				7D9965FF1EF2B29700BB10E4 /* LocationService.swift in Sources */,
				7D1BF89C1EE1FDF900A032A0 /* AvatarImageView.swift in Sources */,
				7D1BF8971EE1FA3500A032A0 /* PerfilViewController.swift in Sources */,
				7D8A40971F007671000A3178 /* MiembrosResponse.swift in Sources */,
				4934B1401FB68729005C8871 /* HistorialViewController.swift in Sources */,
				7DA45AE21ED4773800111A99 /* PruebaViewController.swift in Sources */,
			);
			runOnlyForDeploymentPostprocessing = 0;
		};
/* End PBXSourcesBuildPhase section */

/* Begin PBXVariantGroup section */
		7DAD18CE1ED439B2009B37E5 /* Main.storyboard */ = {
			isa = PBXVariantGroup;
			children = (
				7DAD18CF1ED439B2009B37E5 /* Base */,
			);
			name = Main.storyboard;
			sourceTree = "<group>";
		};
		7DAD18D61ED439B2009B37E5 /* LaunchScreen.storyboard */ = {
			isa = PBXVariantGroup;
			children = (
				7DAD18D71ED439B2009B37E5 /* Base */,
			);
			name = LaunchScreen.storyboard;
			sourceTree = "<group>";
		};
/* End PBXVariantGroup section */

/* Begin XCBuildConfiguration section */
		7DAD18DA1ED439B2009B37E5 /* Debug */ = {
			isa = XCBuildConfiguration;
			buildSettings = {
				ALWAYS_SEARCH_USER_PATHS = NO;
				CLANG_ANALYZER_LOCALIZABILITY_NONLOCALIZED = YES;
				CLANG_ANALYZER_NONNULL = YES;
				CLANG_ANALYZER_NUMBER_OBJECT_CONVERSION = YES_AGGRESSIVE;
				CLANG_CXX_LANGUAGE_STANDARD = "gnu++0x";
				CLANG_CXX_LIBRARY = "libc++";
				CLANG_ENABLE_MODULES = YES;
				CLANG_ENABLE_OBJC_ARC = YES;
				CLANG_WARN_BLOCK_CAPTURE_AUTORELEASING = YES;
				CLANG_WARN_BOOL_CONVERSION = YES;
				CLANG_WARN_COMMA = YES;
				CLANG_WARN_CONSTANT_CONVERSION = YES;
				CLANG_WARN_DEPRECATED_OBJC_IMPLEMENTATIONS = YES;
				CLANG_WARN_DIRECT_OBJC_ISA_USAGE = YES_ERROR;
				CLANG_WARN_DOCUMENTATION_COMMENTS = YES;
				CLANG_WARN_EMPTY_BODY = YES;
				CLANG_WARN_ENUM_CONVERSION = YES;
				CLANG_WARN_INFINITE_RECURSION = YES;
				CLANG_WARN_INT_CONVERSION = YES;
				CLANG_WARN_NON_LITERAL_NULL_CONVERSION = YES;
				CLANG_WARN_OBJC_IMPLICIT_RETAIN_SELF = YES;
				CLANG_WARN_OBJC_LITERAL_CONVERSION = YES;
				CLANG_WARN_OBJC_ROOT_CLASS = YES_ERROR;
				CLANG_WARN_QUOTED_INCLUDE_IN_FRAMEWORK_HEADER = YES;
				CLANG_WARN_RANGE_LOOP_ANALYSIS = YES;
				CLANG_WARN_STRICT_PROTOTYPES = YES;
				CLANG_WARN_SUSPICIOUS_MOVE = YES;
				CLANG_WARN_UNREACHABLE_CODE = YES;
				CLANG_WARN__DUPLICATE_METHOD_MATCH = YES;
				"CODE_SIGN_IDENTITY[sdk=iphoneos*]" = "iPhone Developer";
				COPY_PHASE_STRIP = NO;
				DEBUG_INFORMATION_FORMAT = dwarf;
				ENABLE_STRICT_OBJC_MSGSEND = YES;
				ENABLE_TESTABILITY = YES;
				GCC_C_LANGUAGE_STANDARD = gnu99;
				GCC_DYNAMIC_NO_PIC = NO;
				GCC_NO_COMMON_BLOCKS = YES;
				GCC_OPTIMIZATION_LEVEL = 0;
				GCC_PREPROCESSOR_DEFINITIONS = (
					"DEBUG=1",
					"$(inherited)",
				);
				GCC_WARN_64_TO_32_BIT_CONVERSION = YES;
				GCC_WARN_ABOUT_RETURN_TYPE = YES_ERROR;
				GCC_WARN_UNDECLARED_SELECTOR = YES;
				GCC_WARN_UNINITIALIZED_AUTOS = YES_AGGRESSIVE;
				GCC_WARN_UNUSED_FUNCTION = YES;
				GCC_WARN_UNUSED_VARIABLE = YES;
				IPHONEOS_DEPLOYMENT_TARGET = 12.1;
				MTL_ENABLE_DEBUG_INFO = YES;
				ONLY_ACTIVE_ARCH = YES;
				SDKROOT = iphoneos;
				SWIFT_ACTIVE_COMPILATION_CONDITIONS = DEBUG;
				SWIFT_OPTIMIZATION_LEVEL = "-Onone";
				TARGETED_DEVICE_FAMILY = "1,2";
			};
			name = Debug;
		};
		7DAD18DB1ED439B2009B37E5 /* Release */ = {
			isa = XCBuildConfiguration;
			buildSettings = {
				ALWAYS_SEARCH_USER_PATHS = NO;
				CLANG_ANALYZER_LOCALIZABILITY_NONLOCALIZED = YES;
				CLANG_ANALYZER_NONNULL = YES;
				CLANG_ANALYZER_NUMBER_OBJECT_CONVERSION = YES_AGGRESSIVE;
				CLANG_CXX_LANGUAGE_STANDARD = "gnu++0x";
				CLANG_CXX_LIBRARY = "libc++";
				CLANG_ENABLE_MODULES = YES;
				CLANG_ENABLE_OBJC_ARC = YES;
				CLANG_WARN_BLOCK_CAPTURE_AUTORELEASING = YES;
				CLANG_WARN_BOOL_CONVERSION = YES;
				CLANG_WARN_COMMA = YES;
				CLANG_WARN_CONSTANT_CONVERSION = YES;
				CLANG_WARN_DEPRECATED_OBJC_IMPLEMENTATIONS = YES;
				CLANG_WARN_DIRECT_OBJC_ISA_USAGE = YES_ERROR;
				CLANG_WARN_DOCUMENTATION_COMMENTS = YES;
				CLANG_WARN_EMPTY_BODY = YES;
				CLANG_WARN_ENUM_CONVERSION = YES;
				CLANG_WARN_INFINITE_RECURSION = YES;
				CLANG_WARN_INT_CONVERSION = YES;
				CLANG_WARN_NON_LITERAL_NULL_CONVERSION = YES;
				CLANG_WARN_OBJC_IMPLICIT_RETAIN_SELF = YES;
				CLANG_WARN_OBJC_LITERAL_CONVERSION = YES;
				CLANG_WARN_OBJC_ROOT_CLASS = YES_ERROR;
				CLANG_WARN_QUOTED_INCLUDE_IN_FRAMEWORK_HEADER = YES;
				CLANG_WARN_RANGE_LOOP_ANALYSIS = YES;
				CLANG_WARN_STRICT_PROTOTYPES = YES;
				CLANG_WARN_SUSPICIOUS_MOVE = YES;
				CLANG_WARN_UNREACHABLE_CODE = YES;
				CLANG_WARN__DUPLICATE_METHOD_MATCH = YES;
				"CODE_SIGN_IDENTITY[sdk=iphoneos*]" = "iPhone Developer";
				COPY_PHASE_STRIP = NO;
				DEBUG_INFORMATION_FORMAT = "dwarf-with-dsym";
				ENABLE_NS_ASSERTIONS = NO;
				ENABLE_STRICT_OBJC_MSGSEND = YES;
				GCC_C_LANGUAGE_STANDARD = gnu99;
				GCC_NO_COMMON_BLOCKS = YES;
				GCC_WARN_64_TO_32_BIT_CONVERSION = YES;
				GCC_WARN_ABOUT_RETURN_TYPE = YES_ERROR;
				GCC_WARN_UNDECLARED_SELECTOR = YES;
				GCC_WARN_UNINITIALIZED_AUTOS = YES_AGGRESSIVE;
				GCC_WARN_UNUSED_FUNCTION = YES;
				GCC_WARN_UNUSED_VARIABLE = YES;
				IPHONEOS_DEPLOYMENT_TARGET = 12.1;
				MTL_ENABLE_DEBUG_INFO = NO;
				SDKROOT = iphoneos;
				SWIFT_OPTIMIZATION_LEVEL = "-Owholemodule";
				TARGETED_DEVICE_FAMILY = "1,2";
				VALIDATE_PRODUCT = YES;
			};
			name = Release;
		};
		7DAD18DD1ED439B2009B37E5 /* Debug */ = {
			isa = XCBuildConfiguration;
			baseConfigurationReference = C8D75CD81C7138C8EB9D92EF /* Pods-DronePolice.debug.xcconfig */;
			buildSettings = {
				ASSETCATALOG_COMPILER_APPICON_NAME = AppIcon;
				CLANG_ENABLE_MODULES = YES;
				CODE_SIGN_ENTITLEMENTS = DronePolice/DronePolice.entitlements;
				"CODE_SIGN_IDENTITY[sdk=iphoneos*]" = "iPhone Developer";
				CURRENT_PROJECT_VERSION = 1.0.0;
				DEVELOPMENT_TEAM = MC2W678MVZ;
				INFOPLIST_FILE = DronePolice/Info.plist;
				IPHONEOS_DEPLOYMENT_TARGET = 14.0;
				LD_RUNPATH_SEARCH_PATHS = "$(inherited) @executable_path/Frameworks";
				MARKETING_VERSION = 4.2;
				PRODUCT_BUNDLE_IDENTIFIER = com.inovaweb.DronePolice;
				PRODUCT_NAME = "$(TARGET_NAME)";
				PROVISIONING_PROFILE_SPECIFIER = "";
				SWIFT_OBJC_BRIDGING_HEADER = "DronePolice/DronePolice-Bridging-Header.h";
				SWIFT_OPTIMIZATION_LEVEL = "-Onone";
				SWIFT_VERSION = 5.0;
			};
			name = Debug;
		};
		7DAD18DE1ED439B2009B37E5 /* Release */ = {
			isa = XCBuildConfiguration;
			baseConfigurationReference = 8DCE8B55B61A79854F685A60 /* Pods-DronePolice.release.xcconfig */;
			buildSettings = {
				ASSETCATALOG_COMPILER_APPICON_NAME = AppIcon;
				CLANG_ENABLE_MODULES = YES;
				CODE_SIGN_ENTITLEMENTS = DronePolice/DronePolice.entitlements;
				"CODE_SIGN_IDENTITY[sdk=iphoneos*]" = "iPhone Developer";
				CURRENT_PROJECT_VERSION = 1.0.0;
				DEVELOPMENT_TEAM = MC2W678MVZ;
				INFOPLIST_FILE = DronePolice/Info.plist;
				IPHONEOS_DEPLOYMENT_TARGET = 14.0;
				LD_RUNPATH_SEARCH_PATHS = "$(inherited) @executable_path/Frameworks";
				MARKETING_VERSION = 4.2;
				PRODUCT_BUNDLE_IDENTIFIER = com.inovaweb.DronePolice;
				PRODUCT_NAME = "$(TARGET_NAME)";
				PROVISIONING_PROFILE_SPECIFIER = "";
				SWIFT_OBJC_BRIDGING_HEADER = "DronePolice/DronePolice-Bridging-Header.h";
				SWIFT_VERSION = 5.0;
			};
			name = Release;
		};
/* End XCBuildConfiguration section */

/* Begin XCConfigurationList section */
		7DAD18C21ED439B2009B37E5 /* Build configuration list for PBXProject "DronePolice" */ = {
			isa = XCConfigurationList;
			buildConfigurations = (
				7DAD18DA1ED439B2009B37E5 /* Debug */,
				7DAD18DB1ED439B2009B37E5 /* Release */,
			);
			defaultConfigurationIsVisible = 0;
			defaultConfigurationName = Release;
		};
		7DAD18DC1ED439B2009B37E5 /* Build configuration list for PBXNativeTarget "DronePolice" */ = {
			isa = XCConfigurationList;
			buildConfigurations = (
				7DAD18DD1ED439B2009B37E5 /* Debug */,
				7DAD18DE1ED439B2009B37E5 /* Release */,
			);
			defaultConfigurationIsVisible = 0;
			defaultConfigurationName = Release;
		};
/* End XCConfigurationList section */

/* Begin XCVersionGroup section */
		7DAD18D11ED439B2009B37E5 /* DronePolice.xcdatamodeld */ = {
			isa = XCVersionGroup;
			children = (
				7DAD18D21ED439B2009B37E5 /* DronePolice.xcdatamodel */,
			);
			currentVersion = 7DAD18D21ED439B2009B37E5 /* DronePolice.xcdatamodel */;
			path = DronePolice.xcdatamodeld;
			sourceTree = "<group>";
			versionGroupType = wrapper.xcdatamodel;
		};
/* End XCVersionGroup section */
	};
	rootObject = 7DAD18BF1ED439B2009B37E5 /* Project object */;
}
